PODS:
  - ASIHTTPRequest (1.8.1):
    - ASIHTTPRequest/ASIWebPageRequest
    - ASIHTTPRequest/CloudFiles
    - ASIHTTPRequest/S3
    - Reachability
  - ASIHTTPRequest/ASIWebPageRequest (1.8.1):
    - Reachability
  - ASIHTTPRequest/CloudFiles (1.8.1):
    - Reachability
  - ASIHTTPRequest/S3 (1.8.1):
    - Reachability
  - cocoa-oauth (0.0.1):
    - NSData+Base64 (~> 1.0)
  - CocoaLumberjack (1.8.0):
    - CocoaLumberjack/Extensions
  - CocoaLumberjack/Core (1.8.0)
  - CocoaLumberjack/Extensions (1.8.0):
    - CocoaLumberjack/Core
  - FileMD5Hash (0.0.1)
  - ISO8601DateFormatter (0.7)
  - JSONKit (1.5pre)
  - LibComponentLogging-Core (1.3.2)
  - LibComponentLogging-NSLog (1.0.4):
    - LibComponentLogging-Core (>= 1.1.6)
  - LibComponentLogging-pods (0.0.1):
    - LibComponentLogging-Core
  - NSData+Base64 (1.0.0)
  - Reachability (3.1.1)
  - RestKit (0.10.3):
    - RestKit/JSON
  - RestKit/JSON (0.10.3):
    - RestKit/Network
    - RestKit/ObjectMapping
    - RestKit/ObjectMapping/CoreData
    - RestKit/ObjectMapping/JSON
    - RestKit/UI
  - RestKit/Network (0.10.3):
    - cocoa-oauth
    - FileMD5Hash
    - LibComponentLogging-NSLog (>= 1.0.4)
    - SOCKit
  - RestKit/ObjectMapping (0.10.3):
    - ISO8601DateFormatter (>= 0.6)
    - RestKit/Network
    - RestKit/ObjectMapping/Core
    - RestKit/ObjectMapping/CoreData
    - RestKit/ObjectMapping/JSON
    - RestKit/ObjectMapping/XML
  - RestKit/ObjectMapping/Core (0.10.3):
    - ISO8601DateFormatter (>= 0.6)
    - RestKit/Network
  - RestKit/ObjectMapping/CoreData (0.10.3):
    - ISO8601DateFormatter (>= 0.6)
    - RestKit/Network
    - RestKit/ObjectMapping/Core
  - RestKit/ObjectMapping/JSON (0.10.3):
    - ISO8601DateFormatter (>= 0.6)
    - JSONKit (>= 1.5pre)
    - RestKit/Network
    - RestKit/ObjectMapping/Core
  - RestKit/ObjectMapping/XML (0.10.3):
    - ISO8601DateFormatter (>= 0.6)
    - RestKit/Network
    - RestKit/ObjectMapping/Core
    - XMLReader
  - RestKit/UI (0.10.3)
  - SBJson (4.0.0)
  - SOCKit (1.1)
  - TestFlightSDK (1.3.0-beta.7)
  - UrbanAirship-iOS-SDK (1.3.7):
    - ASIHTTPRequest
    - Reachability
    - SBJson
    - ZipArchive
  - XMLReader (0.0.2)
  - ZipArchive (1.2.0)

DEPENDENCIES:
  - CocoaLumberjack (~> 1.6)
  - LibComponentLogging-pods
  - RestKit (~> 0.10.3)
  - TestFlightSDK (~> 1.1)
  - UrbanAirship-iOS-SDK (~> 1.3.1)

SPEC CHECKSUMS:
  ASIHTTPRequest: 162783e0cd71bdd3ff1ceed0cd5fa9505e0116a8
  cocoa-oauth: 8f4c8b77c77ac660de37f8125557c4ec09b0118a
  CocoaLumberjack: 6ed94046d2ca7fde03a73b3d01b8cfc56574b314
  FileMD5Hash: c3b015e6fb293eea0a0c276747f61f20408c2644
  ISO8601DateFormatter: 00944e437ea647f4244454ce8809d313861d08de
  JSONKit: 409734ab3407fce90ef7eaa95d7168f38d9a6601
  LibComponentLogging-Core: f86c1221a20106257dbac29fb638711f1e9c11cd
  LibComponentLogging-NSLog: a4bb0f6de612eef7b5fcdbd9cc96dc868ba1f2df
  LibComponentLogging-pods: 9dd0aa1e093b46af59136767ceb55b19eedac5f9
  NSData+Base64: 4819562faee4544e3cf5703f2139820b09732b28
  Reachability: be4883bb93f31e38266ae3365e5600a317aae735
  RestKit: 90469f1fb221423f7c2215e7bc1cc1ad134489b9
  SBJson: f3c686806e8e36ab89e020189ac582ba26ec4220
  SOCKit: 2f3bc4d07910de12dcc202815e07db68a3802581
  TestFlightSDK: 3af0a385405725e36452a35ef63ba8b3f2ef3ffc
  UrbanAirship-iOS-SDK: cb5454ecdf68b06b52a35101618327d3f1c6a45a
  XMLReader: d8a522b0362140b328bcaec7f289ff4ffffebf29
  ZipArchive: 93bff5d8b435767ccfac976ed08ca611d950d3d0

COCOAPODS: 0.29.0
