// !$*UTF8*$!
{
	archiveVersion = 1;
	classes = {
	};
	objectVersion = 46;
	objects = {

/* Begin PBXBuildFile section */
		4ACAB8FA67624A89A945BF82 /* libPods.a in Frameworks */ = {isa = PBXBuildFile; fileRef = 8F80669BB3B0472EA5336FD8 /* libPods.a */; };
		E2062A2D15DB31CE00AD5674 /* NotificationCell.m in Sources */ = {isa = PBXBuildFile; fileRef = E2062A2C15DB31CE00AD5674 /* NotificationCell.m */; };
		E2BAF0AA15E6FCE500EAF8E0 /* User.m in Sources */ = {isa = PBXBuildFile; fileRef = E2BAF0A915E6FCE500EAF8E0 /* User.m */; };
		E2E388CA15F3EA600076FABB /* MobileCoreServices.framework in Frameworks */ = {isa = PBXBuildFile; fileRef = E2E388C915F3EA600076FABB /* MobileCoreServices.framework */; };
		E2E388CD15F3EA700076FABB /* SystemConfiguration.framework in Frameworks */ = {isa = PBXBuildFile; fileRef = E2E388CC15F3EA700076FABB /* SystemConfiguration.framework */; };
		E2E388CF15F3EA7C0076FABB /* libz.dylib in Frameworks */ = {isa = PBXBuildFile; fileRef = E2E388CE15F3EA7C0076FABB /* libz.dylib */; };
		E2E388D115F3EA850076FABB /* libsqlite3.dylib in Frameworks */ = {isa = PBXBuildFile; fileRef = E2E388D015F3EA850076FABB /* libsqlite3.dylib */; };
		E2E388D315F3EA8C0076FABB /* CoreTelephony.framework in Frameworks */ = {isa = PBXBuildFile; fileRef = E2E388D215F3EA8C0076FABB /* CoreTelephony.framework */; };
		E2E388D515F3EA950076FABB /* StoreKit.framework in Frameworks */ = {isa = PBXBuildFile; fileRef = E2E388D415F3EA950076FABB /* StoreKit.framework */; };
		E2E388D715F3EA9C0076FABB /* CoreLocation.framework in Frameworks */ = {isa = PBXBuildFile; fileRef = E2E388D615F3EA9C0076FABB /* CoreLocation.framework */; };
		E2E388D915F3EAA50076FABB /* MessageUI.framework in Frameworks */ = {isa = PBXBuildFile; fileRef = E2E388D815F3EAA50076FABB /* MessageUI.framework */; };
		E2E388DB15F3EAAC0076FABB /* AudioToolbox.framework in Frameworks */ = {isa = PBXBuildFile; fileRef = E2E388DA15F3EAAC0076FABB /* AudioToolbox.framework */; };
		E2E388DD15F3EAB20076FABB /* MapKit.framework in Frameworks */ = {isa = PBXBuildFile; fileRef = E2E388DC15F3EAB20076FABB /* MapKit.framework */; };
		E2E388DF15F3EB180076FABB /* AirshipConfig.plist in Resources */ = {isa = PBXBuildFile; fileRef = E2E388DE15F3EB180076FABB /* AirshipConfig.plist */; };
		E2E40E9015D733D1005AF448 /* UIKit.framework in Frameworks */ = {isa = PBXBuildFile; fileRef = E2E40E8F15D733D1005AF448 /* UIKit.framework */; };
		E2E40E9215D733D1005AF448 /* Foundation.framework in Frameworks */ = {isa = PBXBuildFile; fileRef = E2E40E9115D733D1005AF448 /* Foundation.framework */; };
		E2E40E9415D733D1005AF448 /* CoreGraphics.framework in Frameworks */ = {isa = PBXBuildFile; fileRef = E2E40E9315D733D1005AF448 /* CoreGraphics.framework */; };
		E2E40E9615D733D1005AF448 /* CoreData.framework in Frameworks */ = {isa = PBXBuildFile; fileRef = E2E40E9515D733D1005AF448 /* CoreData.framework */; };
		E2E40E9C15D733D1005AF448 /* InfoPlist.strings in Resources */ = {isa = PBXBuildFile; fileRef = E2E40E9A15D733D1005AF448 /* InfoPlist.strings */; };
		E2E40E9E15D733D1005AF448 /* main.m in Sources */ = {isa = PBXBuildFile; fileRef = E2E40E9D15D733D1005AF448 /* main.m */; };
		E2E40EA215D733D1005AF448 /* AppDelegate.m in Sources */ = {isa = PBXBuildFile; fileRef = E2E40EA115D733D1005AF448 /* AppDelegate.m */; };
		E2E40EA515D733D1005AF448 /* MainStoryboard.storyboard in Resources */ = {isa = PBXBuildFile; fileRef = E2E40EA315D733D1005AF448 /* MainStoryboard.storyboard */; };
		E2E40EA815D733D1005AF448 /* notify.xcdatamodeld in Sources */ = {isa = PBXBuildFile; fileRef = E2E40EA615D733D1005AF448 /* notify.xcdatamodeld */; };
		E2E40EAB15D733D1005AF448 /* MasterViewController.m in Sources */ = {isa = PBXBuildFile; fileRef = E2E40EAA15D733D1005AF448 /* MasterViewController.m */; };
		E2E40EAE15D733D1005AF448 /* DetailViewController.m in Sources */ = {isa = PBXBuildFile; fileRef = E2E40EAD15D733D1005AF448 /* DetailViewController.m */; };
		E2F31C2615DF1B7F0061B55E /* UIViewController+DateString.m in Sources */ = {isa = PBXBuildFile; fileRef = E2F31C2515DF1B7F0061B55E /* UIViewController+DateString.m */; };
		E2F31C2F15E049780061B55E /* KeychainWrapper.m in Sources */ = {isa = PBXBuildFile; fileRef = E2F31C2E15E049780061B55E /* KeychainWrapper.m */; };
		E2F31C3115E04AC80061B55E /* Security.framework in Frameworks */ = {isa = PBXBuildFile; fileRef = E2F31C3015E04AC80061B55E /* Security.framework */; };
		E2FCFDF515D73A8700030A2B /* Constants.m in Sources */ = {isa = PBXBuildFile; fileRef = E2FCFDF415D73A8700030A2B /* Constants.m */; };
		E2FCFE0215D7444300030A2B /* MappingProvider.m in Sources */ = {isa = PBXBuildFile; fileRef = E2FCFE0115D7444300030A2B /* MappingProvider.m */; };
		E2FCFE0815D745D100030A2B /* Notification.m in Sources */ = {isa = PBXBuildFile; fileRef = E2FCFE0715D745D100030A2B /* Notification.m */; };
/* End PBXBuildFile section */

/* Begin PBXFileReference section */
		8F80669BB3B0472EA5336FD8 /* libPods.a */ = {isa = PBXFileReference; explicitFileType = archive.ar; includeInIndex = 0; path = libPods.a; sourceTree = BUILT_PRODUCTS_DIR; };
		A7304360D95E42B8872FC721 /* Pods.xcconfig */ = {isa = PBXFileReference; includeInIndex = 1; lastKnownFileType = text.xcconfig; name = Pods.xcconfig; path = Pods/Pods.xcconfig; sourceTree = SOURCE_ROOT; };
		E2062A2B15DB31CE00AD5674 /* NotificationCell.h */ = {isa = PBXFileReference; fileEncoding = 4; lastKnownFileType = sourcecode.c.h; path = NotificationCell.h; sourceTree = "<group>"; };
		E2062A2C15DB31CE00AD5674 /* NotificationCell.m */ = {isa = PBXFileReference; fileEncoding = 4; lastKnownFileType = sourcecode.c.objc; path = NotificationCell.m; sourceTree = "<group>"; };
		E2BAF0A815E6FCE500EAF8E0 /* User.h */ = {isa = PBXFileReference; fileEncoding = 4; lastKnownFileType = sourcecode.c.h; path = User.h; sourceTree = "<group>"; };
		E2BAF0A915E6FCE500EAF8E0 /* User.m */ = {isa = PBXFileReference; fileEncoding = 4; lastKnownFileType = sourcecode.c.objc; path = User.m; sourceTree = "<group>"; };
		E2E388C915F3EA600076FABB /* MobileCoreServices.framework */ = {isa = PBXFileReference; lastKnownFileType = wrapper.framework; name = MobileCoreServices.framework; path = System/Library/Frameworks/MobileCoreServices.framework; sourceTree = SDKROOT; };
		E2E388CC15F3EA700076FABB /* SystemConfiguration.framework */ = {isa = PBXFileReference; lastKnownFileType = wrapper.framework; name = SystemConfiguration.framework; path = System/Library/Frameworks/SystemConfiguration.framework; sourceTree = SDKROOT; };
		E2E388CE15F3EA7C0076FABB /* libz.dylib */ = {isa = PBXFileReference; lastKnownFileType = "compiled.mach-o.dylib"; name = libz.dylib; path = usr/lib/libz.dylib; sourceTree = SDKROOT; };
		E2E388D015F3EA850076FABB /* libsqlite3.dylib */ = {isa = PBXFileReference; lastKnownFileType = "compiled.mach-o.dylib"; name = libsqlite3.dylib; path = usr/lib/libsqlite3.dylib; sourceTree = SDKROOT; };
		E2E388D215F3EA8C0076FABB /* CoreTelephony.framework */ = {isa = PBXFileReference; lastKnownFileType = wrapper.framework; name = CoreTelephony.framework; path = System/Library/Frameworks/CoreTelephony.framework; sourceTree = SDKROOT; };
		E2E388D415F3EA950076FABB /* StoreKit.framework */ = {isa = PBXFileReference; lastKnownFileType = wrapper.framework; name = StoreKit.framework; path = System/Library/Frameworks/StoreKit.framework; sourceTree = SDKROOT; };
		E2E388D615F3EA9C0076FABB /* CoreLocation.framework */ = {isa = PBXFileReference; lastKnownFileType = wrapper.framework; name = CoreLocation.framework; path = System/Library/Frameworks/CoreLocation.framework; sourceTree = SDKROOT; };
		E2E388D815F3EAA50076FABB /* MessageUI.framework */ = {isa = PBXFileReference; lastKnownFileType = wrapper.framework; name = MessageUI.framework; path = System/Library/Frameworks/MessageUI.framework; sourceTree = SDKROOT; };
		E2E388DA15F3EAAC0076FABB /* AudioToolbox.framework */ = {isa = PBXFileReference; lastKnownFileType = wrapper.framework; name = AudioToolbox.framework; path = System/Library/Frameworks/AudioToolbox.framework; sourceTree = SDKROOT; };
		E2E388DC15F3EAB20076FABB /* MapKit.framework */ = {isa = PBXFileReference; lastKnownFileType = wrapper.framework; name = MapKit.framework; path = System/Library/Frameworks/MapKit.framework; sourceTree = SDKROOT; };
		E2E388DE15F3EB180076FABB /* AirshipConfig.plist */ = {isa = PBXFileReference; fileEncoding = 4; lastKnownFileType = text.plist.xml; path = AirshipConfig.plist; sourceTree = "<group>"; };
		E2E40E8B15D733D1005AF448 /* notify.app */ = {isa = PBXFileReference; explicitFileType = wrapper.application; includeInIndex = 0; path = notify.app; sourceTree = BUILT_PRODUCTS_DIR; };
		E2E40E8F15D733D1005AF448 /* UIKit.framework */ = {isa = PBXFileReference; includeInIndex = 1; lastKnownFileType = wrapper.framework; name = UIKit.framework; path = System/Library/Frameworks/UIKit.framework; sourceTree = SDKROOT; };
		E2E40E9115D733D1005AF448 /* Foundation.framework */ = {isa = PBXFileReference; includeInIndex = 1; lastKnownFileType = wrapper.framework; name = Foundation.framework; path = System/Library/Frameworks/Foundation.framework; sourceTree = SDKROOT; };
		E2E40E9315D733D1005AF448 /* CoreGraphics.framework */ = {isa = PBXFileReference; includeInIndex = 1; lastKnownFileType = wrapper.framework; name = CoreGraphics.framework; path = System/Library/Frameworks/CoreGraphics.framework; sourceTree = SDKROOT; };
		E2E40E9515D733D1005AF448 /* CoreData.framework */ = {isa = PBXFileReference; includeInIndex = 1; lastKnownFileType = wrapper.framework; name = CoreData.framework; path = System/Library/Frameworks/CoreData.framework; sourceTree = SDKROOT; };
		E2E40E9915D733D1005AF448 /* notify-Info.plist */ = {isa = PBXFileReference; lastKnownFileType = text.plist.xml; path = "notify-Info.plist"; sourceTree = "<group>"; };
		E2E40E9B15D733D1005AF448 /* en */ = {isa = PBXFileReference; lastKnownFileType = text.plist.strings; name = en; path = en.lproj/InfoPlist.strings; sourceTree = "<group>"; };
		E2E40E9D15D733D1005AF448 /* main.m */ = {isa = PBXFileReference; lastKnownFileType = sourcecode.c.objc; path = main.m; sourceTree = "<group>"; };
		E2E40E9F15D733D1005AF448 /* notify-Prefix.pch */ = {isa = PBXFileReference; lastKnownFileType = sourcecode.c.h; path = "notify-Prefix.pch"; sourceTree = "<group>"; };
		E2E40EA015D733D1005AF448 /* AppDelegate.h */ = {isa = PBXFileReference; lastKnownFileType = sourcecode.c.h; path = AppDelegate.h; sourceTree = "<group>"; };
		E2E40EA115D733D1005AF448 /* AppDelegate.m */ = {isa = PBXFileReference; lastKnownFileType = sourcecode.c.objc; path = AppDelegate.m; sourceTree = "<group>"; };
		E2E40EA415D733D1005AF448 /* en */ = {isa = PBXFileReference; lastKnownFileType = file.storyboard; name = en; path = en.lproj/MainStoryboard.storyboard; sourceTree = "<group>"; };
		E2E40EA715D733D1005AF448 /* notify.xcdatamodel */ = {isa = PBXFileReference; lastKnownFileType = wrapper.xcdatamodel; path = notify.xcdatamodel; sourceTree = "<group>"; };
		E2E40EA915D733D1005AF448 /* MasterViewController.h */ = {isa = PBXFileReference; lastKnownFileType = sourcecode.c.h; path = MasterViewController.h; sourceTree = "<group>"; };
		E2E40EAA15D733D1005AF448 /* MasterViewController.m */ = {isa = PBXFileReference; lastKnownFileType = sourcecode.c.objc; path = MasterViewController.m; sourceTree = "<group>"; };
		E2E40EAC15D733D1005AF448 /* DetailViewController.h */ = {isa = PBXFileReference; lastKnownFileType = sourcecode.c.h; path = DetailViewController.h; sourceTree = "<group>"; };
		E2E40EAD15D733D1005AF448 /* DetailViewController.m */ = {isa = PBXFileReference; lastKnownFileType = sourcecode.c.objc; path = DetailViewController.m; sourceTree = "<group>"; };
		E2F31C2415DF1B6D0061B55E /* UIViewController+DateString.h */ = {isa = PBXFileReference; fileEncoding = 4; lastKnownFileType = sourcecode.c.h; path = "UIViewController+DateString.h"; sourceTree = "<group>"; };
		E2F31C2515DF1B7F0061B55E /* UIViewController+DateString.m */ = {isa = PBXFileReference; fileEncoding = 4; lastKnownFileType = sourcecode.c.objc; path = "UIViewController+DateString.m"; sourceTree = "<group>"; };
		E2F31C2B15DF2BA60061B55E /* Icon.png */ = {isa = PBXFileReference; lastKnownFileType = image.png; name = Icon.png; path = ../Icon.png; sourceTree = "<group>"; };
		E2F31C2D15E049780061B55E /* KeychainWrapper.h */ = {isa = PBXFileReference; fileEncoding = 4; lastKnownFileType = sourcecode.c.h; path = KeychainWrapper.h; sourceTree = "<group>"; };
		E2F31C2E15E049780061B55E /* KeychainWrapper.m */ = {isa = PBXFileReference; fileEncoding = 4; lastKnownFileType = sourcecode.c.objc; path = KeychainWrapper.m; sourceTree = "<group>"; };
		E2F31C3015E04AC80061B55E /* Security.framework */ = {isa = PBXFileReference; lastKnownFileType = wrapper.framework; name = Security.framework; path = System/Library/Frameworks/Security.framework; sourceTree = SDKROOT; };
		E2FCFDF315D73A8700030A2B /* Constants.h */ = {isa = PBXFileReference; fileEncoding = 4; lastKnownFileType = sourcecode.c.h; path = Constants.h; sourceTree = "<group>"; };
		E2FCFDF415D73A8700030A2B /* Constants.m */ = {isa = PBXFileReference; fileEncoding = 4; lastKnownFileType = sourcecode.c.objc; path = Constants.m; sourceTree = "<group>"; };
		E2FCFE0015D7444300030A2B /* MappingProvider.h */ = {isa = PBXFileReference; fileEncoding = 4; lastKnownFileType = sourcecode.c.h; path = MappingProvider.h; sourceTree = "<group>"; };
		E2FCFE0115D7444300030A2B /* MappingProvider.m */ = {isa = PBXFileReference; fileEncoding = 4; lastKnownFileType = sourcecode.c.objc; path = MappingProvider.m; sourceTree = "<group>"; };
		E2FCFE0615D745D100030A2B /* Notification.h */ = {isa = PBXFileReference; fileEncoding = 4; lastKnownFileType = sourcecode.c.h; path = Notification.h; sourceTree = "<group>"; };
		E2FCFE0715D745D100030A2B /* Notification.m */ = {isa = PBXFileReference; fileEncoding = 4; lastKnownFileType = sourcecode.c.objc; path = Notification.m; sourceTree = "<group>"; };
/* End PBXFileReference section */

/* Begin PBXFrameworksBuildPhase section */
		E2E40E8815D733D1005AF448 /* Frameworks */ = {
			isa = PBXFrameworksBuildPhase;
			buildActionMask = 2147483647;
			files = (
				E2E388DD15F3EAB20076FABB /* MapKit.framework in Frameworks */,
				E2E388DB15F3EAAC0076FABB /* AudioToolbox.framework in Frameworks */,
				E2E388D915F3EAA50076FABB /* MessageUI.framework in Frameworks */,
				E2E388D715F3EA9C0076FABB /* CoreLocation.framework in Frameworks */,
				E2E388D515F3EA950076FABB /* StoreKit.framework in Frameworks */,
				E2E388D315F3EA8C0076FABB /* CoreTelephony.framework in Frameworks */,
				E2E388D115F3EA850076FABB /* libsqlite3.dylib in Frameworks */,
				E2E388CF15F3EA7C0076FABB /* libz.dylib in Frameworks */,
				E2E388CD15F3EA700076FABB /* SystemConfiguration.framework in Frameworks */,
				E2E388CA15F3EA600076FABB /* MobileCoreServices.framework in Frameworks */,
				E2F31C3115E04AC80061B55E /* Security.framework in Frameworks */,
				E2E40E9015D733D1005AF448 /* UIKit.framework in Frameworks */,
				E2E40E9215D733D1005AF448 /* Foundation.framework in Frameworks */,
				E2E40E9415D733D1005AF448 /* CoreGraphics.framework in Frameworks */,
				E2E40E9615D733D1005AF448 /* CoreData.framework in Frameworks */,
				4ACAB8FA67624A89A945BF82 /* libPods.a in Frameworks */,
			);
			runOnlyForDeploymentPostprocessing = 0;
		};
/* End PBXFrameworksBuildPhase section */

/* Begin PBXGroup section */
		E2E40E8015D733D1005AF448 = {
			isa = PBXGroup;
			children = (
				E2E40E9715D733D1005AF448 /* notify */,
				E2E40E8E15D733D1005AF448 /* Frameworks */,
				E2E40E8C15D733D1005AF448 /* Products */,
				A7304360D95E42B8872FC721 /* Pods.xcconfig */,
			);
			sourceTree = "<group>";
		};
		E2E40E8C15D733D1005AF448 /* Products */ = {
			isa = PBXGroup;
			children = (
				E2E40E8B15D733D1005AF448 /* notify.app */,
			);
			name = Products;
			sourceTree = "<group>";
		};
		E2E40E8E15D733D1005AF448 /* Frameworks */ = {
			isa = PBXGroup;
			children = (
				E2E388DC15F3EAB20076FABB /* MapKit.framework */,
				E2E388DA15F3EAAC0076FABB /* AudioToolbox.framework */,
				E2E388D815F3EAA50076FABB /* MessageUI.framework */,
				E2E388D615F3EA9C0076FABB /* CoreLocation.framework */,
				E2E388D415F3EA950076FABB /* StoreKit.framework */,
				E2E388D215F3EA8C0076FABB /* CoreTelephony.framework */,
				E2E388D015F3EA850076FABB /* libsqlite3.dylib */,
				E2E388CE15F3EA7C0076FABB /* libz.dylib */,
				E2E388CC15F3EA700076FABB /* SystemConfiguration.framework */,
				E2E388C915F3EA600076FABB /* MobileCoreServices.framework */,
				E2F31C3015E04AC80061B55E /* Security.framework */,
				E2E40E8F15D733D1005AF448 /* UIKit.framework */,
				E2E40E9115D733D1005AF448 /* Foundation.framework */,
				E2E40E9315D733D1005AF448 /* CoreGraphics.framework */,
				E2E40E9515D733D1005AF448 /* CoreData.framework */,
				8F80669BB3B0472EA5336FD8 /* libPods.a */,
			);
			name = Frameworks;
			sourceTree = "<group>";
		};
		E2E40E9715D733D1005AF448 /* notify */ = {
			isa = PBXGroup;
			children = (
				E2F31C2D15E049780061B55E /* KeychainWrapper.h */,
				E2F31C2E15E049780061B55E /* KeychainWrapper.m */,
				E2FCFE0615D745D100030A2B /* Notification.h */,
				E2FCFE0715D745D100030A2B /* Notification.m */,
				E2E40EA015D733D1005AF448 /* AppDelegate.h */,
				E2E40EA115D733D1005AF448 /* AppDelegate.m */,
				E2E40EA315D733D1005AF448 /* MainStoryboard.storyboard */,
				E2E40EA915D733D1005AF448 /* MasterViewController.h */,
				E2E40EAA15D733D1005AF448 /* MasterViewController.m */,
				E2062A2B15DB31CE00AD5674 /* NotificationCell.h */,
				E2062A2C15DB31CE00AD5674 /* NotificationCell.m */,
				E2E40EAC15D733D1005AF448 /* DetailViewController.h */,
				E2E40EAD15D733D1005AF448 /* DetailViewController.m */,
				E2E40EA615D733D1005AF448 /* notify.xcdatamodeld */,
				E2FCFDF315D73A8700030A2B /* Constants.h */,
				E2FCFDF415D73A8700030A2B /* Constants.m */,
				E2E40E9815D733D1005AF448 /* Supporting Files */,
				E2FCFE0015D7444300030A2B /* MappingProvider.h */,
				E2FCFE0115D7444300030A2B /* MappingProvider.m */,
				E2F31C2415DF1B6D0061B55E /* UIViewController+DateString.h */,
				E2F31C2515DF1B7F0061B55E /* UIViewController+DateString.m */,
				E2BAF0A815E6FCE500EAF8E0 /* User.h */,
				E2BAF0A915E6FCE500EAF8E0 /* User.m */,
			);
			path = notify;
			sourceTree = "<group>";
		};
		E2E40E9815D733D1005AF448 /* Supporting Files */ = {
			isa = PBXGroup;
			children = (
				E2F31C2B15DF2BA60061B55E /* Icon.png */,
				E2E40E9915D733D1005AF448 /* notify-Info.plist */,
				E2E40E9A15D733D1005AF448 /* InfoPlist.strings */,
				E2E40E9D15D733D1005AF448 /* main.m */,
				E2E40E9F15D733D1005AF448 /* notify-Prefix.pch */,
				E2E388DE15F3EB180076FABB /* AirshipConfig.plist */,
			);
			name = "Supporting Files";
			sourceTree = "<group>";
		};
/* End PBXGroup section */

/* Begin PBXNativeTarget section */
		E2E40E8A15D733D1005AF448 /* notify */ = {
			isa = PBXNativeTarget;
			buildConfigurationList = E2E40EB115D733D1005AF448 /* Build configuration list for PBXNativeTarget "notify" */;
			buildPhases = (
				E2E40E8715D733D1005AF448 /* Sources */,
				E2E40E8815D733D1005AF448 /* Frameworks */,
				E2E40E8915D733D1005AF448 /* Resources */,
				29632C5D50E64183A9CBED9A /* Copy Pods Resources */,
			);
			buildRules = (
			);
			dependencies = (
			);
			name = notify;
			productName = notify;
			productReference = E2E40E8B15D733D1005AF448 /* notify.app */;
			productType = "com.apple.product-type.application";
		};
/* End PBXNativeTarget section */

/* Begin PBXProject section */
		E2E40E8215D733D1005AF448 /* Project object */ = {
			isa = PBXProject;
			attributes = {
				LastUpgradeCheck = 0440;
				ORGANIZATIONNAME = "Thomas Gamble";
			};
			buildConfigurationList = E2E40E8515D733D1005AF448 /* Build configuration list for PBXProject "notify" */;
			compatibilityVersion = "Xcode 3.2";
			developmentRegion = English;
			hasScannedForEncodings = 0;
			knownRegions = (
				en,
			);
			mainGroup = E2E40E8015D733D1005AF448;
			productRefGroup = E2E40E8C15D733D1005AF448 /* Products */;
			projectDirPath = "";
			projectRoot = "";
			targets = (
				E2E40E8A15D733D1005AF448 /* notify */,
			);
		};
/* End PBXProject section */

/* Begin PBXResourcesBuildPhase section */
		E2E40E8915D733D1005AF448 /* Resources */ = {
			isa = PBXResourcesBuildPhase;
			buildActionMask = 2147483647;
			files = (
				E2E40E9C15D733D1005AF448 /* InfoPlist.strings in Resources */,
				E2E40EA515D733D1005AF448 /* MainStoryboard.storyboard in Resources */,
				E2E388DF15F3EB180076FABB /* AirshipConfig.plist in Resources */,
			);
			runOnlyForDeploymentPostprocessing = 0;
		};
/* End PBXResourcesBuildPhase section */

/* Begin PBXShellScriptBuildPhase section */
		29632C5D50E64183A9CBED9A /* Copy Pods Resources */ = {
			isa = PBXShellScriptBuildPhase;
			buildActionMask = 2147483647;
			files = (
			);
			inputPaths = (
			);
			name = "Copy Pods Resources";
			outputPaths = (
			);
			runOnlyForDeploymentPostprocessing = 0;
			shellPath = /bin/sh;
			shellScript = "\"${SRCROOT}/Pods/Pods-resources.sh\"\n";
		};
/* End PBXShellScriptBuildPhase section */

/* Begin PBXSourcesBuildPhase section */
		E2E40E8715D733D1005AF448 /* Sources */ = {
			isa = PBXSourcesBuildPhase;
			buildActionMask = 2147483647;
			files = (
				E2E40E9E15D733D1005AF448 /* main.m in Sources */,
				E2E40EA215D733D1005AF448 /* AppDelegate.m in Sources */,
				E2E40EA815D733D1005AF448 /* notify.xcdatamodeld in Sources */,
				E2E40EAB15D733D1005AF448 /* MasterViewController.m in Sources */,
				E2E40EAE15D733D1005AF448 /* DetailViewController.m in Sources */,
				E2FCFDF515D73A8700030A2B /* Constants.m in Sources */,
				E2FCFE0215D7444300030A2B /* MappingProvider.m in Sources */,
				E2FCFE0815D745D100030A2B /* Notification.m in Sources */,
				E2062A2D15DB31CE00AD5674 /* NotificationCell.m in Sources */,
				E2F31C2615DF1B7F0061B55E /* UIViewController+DateString.m in Sources */,
				E2F31C2F15E049780061B55E /* KeychainWrapper.m in Sources */,
				E2BAF0AA15E6FCE500EAF8E0 /* User.m in Sources */,
			);
			runOnlyForDeploymentPostprocessing = 0;
		};
/* End PBXSourcesBuildPhase section */

/* Begin PBXVariantGroup section */
		E2E40E9A15D733D1005AF448 /* InfoPlist.strings */ = {
			isa = PBXVariantGroup;
			children = (
				E2E40E9B15D733D1005AF448 /* en */,
			);
			name = InfoPlist.strings;
			sourceTree = "<group>";
		};
		E2E40EA315D733D1005AF448 /* MainStoryboard.storyboard */ = {
			isa = PBXVariantGroup;
			children = (
				E2E40EA415D733D1005AF448 /* en */,
			);
			name = MainStoryboard.storyboard;
			sourceTree = "<group>";
		};
/* End PBXVariantGroup section */

/* Begin XCBuildConfiguration section */
		E2E40EAF15D733D1005AF448 /* Debug */ = {
			isa = XCBuildConfiguration;
			buildSettings = {
				ALWAYS_SEARCH_USER_PATHS = NO;
				ARCHS = "$(ARCHS_STANDARD_32_BIT)";
				CLANG_CXX_LANGUAGE_STANDARD = "gnu++0x";
				CLANG_ENABLE_OBJC_ARC = YES;
				CLANG_WARN__DUPLICATE_METHOD_MATCH = YES;
				"CODE_SIGN_IDENTITY[sdk=iphoneos*]" = "iPhone Developer";
				COPY_PHASE_STRIP = NO;
				GCC_C_LANGUAGE_STANDARD = gnu99;
				GCC_DYNAMIC_NO_PIC = NO;
				GCC_OPTIMIZATION_LEVEL = 0;
				GCC_PREPROCESSOR_DEFINITIONS = (
					"DEBUG=1",
					"$(inherited)",
				);
				GCC_SYMBOLS_PRIVATE_EXTERN = NO;
				GCC_VERSION = com.apple.compilers.llvm.clang.1_0;
				GCC_WARN_ABOUT_RETURN_TYPE = YES;
				GCC_WARN_UNINITIALIZED_AUTOS = YES;
				GCC_WARN_UNUSED_VARIABLE = YES;
				IPHONEOS_DEPLOYMENT_TARGET = 5.1;
				SDKROOT = iphoneos;
			};
			name = Debug;
		};
		E2E40EB015D733D1005AF448 /* Release */ = {
			isa = XCBuildConfiguration;
			buildSettings = {
				ALWAYS_SEARCH_USER_PATHS = NO;
				ARCHS = "$(ARCHS_STANDARD_32_BIT)";
				CLANG_CXX_LANGUAGE_STANDARD = "gnu++0x";
				CLANG_ENABLE_OBJC_ARC = YES;
				CLANG_WARN__DUPLICATE_METHOD_MATCH = YES;
				"CODE_SIGN_IDENTITY[sdk=iphoneos*]" = "iPhone Developer";
				COPY_PHASE_STRIP = YES;
				GCC_C_LANGUAGE_STANDARD = gnu99;
				GCC_VERSION = com.apple.compilers.llvm.clang.1_0;
				GCC_WARN_ABOUT_RETURN_TYPE = YES;
				GCC_WARN_UNINITIALIZED_AUTOS = YES;
				GCC_WARN_UNUSED_VARIABLE = YES;
				IPHONEOS_DEPLOYMENT_TARGET = 5.1;
				OTHER_CFLAGS = "-DNS_BLOCK_ASSERTIONS=1";
				SDKROOT = iphoneos;
				VALIDATE_PRODUCT = YES;
			};
			name = Release;
		};
		E2E40EB215D733D1005AF448 /* Debug */ = {
			isa = XCBuildConfiguration;
			baseConfigurationReference = A7304360D95E42B8872FC721 /* Pods.xcconfig */;
			buildSettings = {
				GCC_PRECOMPILE_PREFIX_HEADER = YES;
				GCC_PREFIX_HEADER = "notify/notify-Prefix.pch";
				INFOPLIST_FILE = "notify/notify-Info.plist";
				PRODUCT_NAME = "$(TARGET_NAME)";
				WRAPPER_EXTENSION = app;
			};
			name = Debug;
		};
		E2E40EB315D733D1005AF448 /* Release */ = {
			isa = XCBuildConfiguration;
			baseConfigurationReference = A7304360D95E42B8872FC721 /* Pods.xcconfig */;
			buildSettings = {
				GCC_PRECOMPILE_PREFIX_HEADER = YES;
				GCC_PREFIX_HEADER = "notify/notify-Prefix.pch";
				INFOPLIST_FILE = "notify/notify-Info.plist";
				PRODUCT_NAME = "$(TARGET_NAME)";
				WRAPPER_EXTENSION = app;
			};
			name = Release;
		};
/* End XCBuildConfiguration section */

/* Begin XCConfigurationList section */
		E2E40E8515D733D1005AF448 /* Build configuration list for PBXProject "notify" */ = {
			isa = XCConfigurationList;
			buildConfigurations = (
				E2E40EAF15D733D1005AF448 /* Debug */,
				E2E40EB015D733D1005AF448 /* Release */,
			);
			defaultConfigurationIsVisible = 0;
			defaultConfigurationName = Release;
		};
		E2E40EB115D733D1005AF448 /* Build configuration list for PBXNativeTarget "notify" */ = {
			isa = XCConfigurationList;
			buildConfigurations = (
				E2E40EB215D733D1005AF448 /* Debug */,
				E2E40EB315D733D1005AF448 /* Release */,
			);
			defaultConfigurationIsVisible = 0;
			defaultConfigurationName = Release;
		};
/* End XCConfigurationList section */

/* Begin XCVersionGroup section */
		E2E40EA615D733D1005AF448 /* notify.xcdatamodeld */ = {
			isa = XCVersionGroup;
			children = (
				E2E40EA715D733D1005AF448 /* notify.xcdatamodel */,
			);
			currentVersion = E2E40EA715D733D1005AF448 /* notify.xcdatamodel */;
			path = notify.xcdatamodeld;
			sourceTree = "<group>";
			versionGroupType = wrapper.xcdatamodel;
		};
/* End XCVersionGroup section */
	};
	rootObject = E2E40E8215D733D1005AF448 /* Project object */;
}
