// !$*UTF8*$!
{
	archiveVersion = 1;
	classes = {
	};
	objectVersion = 46;
	objects = {

/* Begin PBXBuildFile section */
		4ACAB8FA67624A89A945BF82 /* libPods.a in Frameworks */ = {isa = PBXBuildFile; fileRef = 8F80669BB3B0472EA5336FD8 /* libPods.a */; };
		AA5DDBEC16C99E8A0055CBE0 /* Icon Small.png in Resources */ = {isa = PBXBuildFile; fileRef = AA5DDBE816C99E2E0055CBE0 /* Icon Small.png */; };
		AA5DDBED16C99E8F0055CBE0 /* Icon Retina.png in Resources */ = {isa = PBXBuildFile; fileRef = AA5DDBEA16C99E320055CBE0 /* Icon Retina.png */; };
		AA9EC52116825A460057CE7C /* DetailViewController.m in Sources */ = {isa = PBXBuildFile; fileRef = AA9EC4ED16825A460057CE7C /* DetailViewController.m */; };
		AA9EC52216825A460057CE7C /* MasterViewController.m in Sources */ = {isa = PBXBuildFile; fileRef = AA9EC4EF16825A460057CE7C /* MasterViewController.m */; };
		AA9EC52316825A460057CE7C /* notify.xcdatamodeld in Sources */ = {isa = PBXBuildFile; fileRef = AA9EC4F116825A460057CE7C /* notify.xcdatamodeld */; };
		AA9EC52416825A460057CE7C /* InfoPlist.strings in Resources */ = {isa = PBXBuildFile; fileRef = AA9EC4F416825A460057CE7C /* InfoPlist.strings */; };
		AA9EC52516825A460057CE7C /* MainStoryboard.storyboard in Resources */ = {isa = PBXBuildFile; fileRef = AA9EC4F616825A460057CE7C /* MainStoryboard.storyboard */; };
		AA9EC52616825A460057CE7C /* MappingProvider.m in Sources */ = {isa = PBXBuildFile; fileRef = AA9EC4FA16825A460057CE7C /* MappingProvider.m */; };
		AA9EC52716825A460057CE7C /* Notification.m in Sources */ = {isa = PBXBuildFile; fileRef = AA9EC4FD16825A460057CE7C /* Notification.m */; };
		AA9EC52816825A460057CE7C /* NotificationCell.m in Sources */ = {isa = PBXBuildFile; fileRef = AA9EC4FF16825A460057CE7C /* NotificationCell.m */; };
		AA9EC52916825A460057CE7C /* User.m in Sources */ = {isa = PBXBuildFile; fileRef = AA9EC50116825A460057CE7C /* User.m */; };
		AA9EC52A16825A460057CE7C /* Default-568h@2x.png in Resources */ = {isa = PBXBuildFile; fileRef = AA9EC50416825A460057CE7C /* Default-568h@2x.png */; };
		AA9EC52E16825A460057CE7C /* AirshipConfig.plist in Resources */ = {isa = PBXBuildFile; fileRef = AA9EC50916825A460057CE7C /* AirshipConfig.plist */; };
		AA9EC53616825A460057CE7C /* AppDelegate.m in Sources */ = {isa = PBXBuildFile; fileRef = AA9EC51716825A460057CE7C /* AppDelegate.m */; };
		AA9EC53716825A460057CE7C /* Constants.m in Sources */ = {isa = PBXBuildFile; fileRef = AA9EC51A16825A460057CE7C /* Constants.m */; };
		AA9EC53816825A460057CE7C /* KeychainWrapper.m in Sources */ = {isa = PBXBuildFile; fileRef = AA9EC51C16825A460057CE7C /* KeychainWrapper.m */; };
		AA9EC53916825A460057CE7C /* main.m in Sources */ = {isa = PBXBuildFile; fileRef = AA9EC51D16825A460057CE7C /* main.m */; };
		AA9EC53A16825A460057CE7C /* UIViewController+DateString.m in Sources */ = {isa = PBXBuildFile; fileRef = AA9EC52016825A460057CE7C /* UIViewController+DateString.m */; };
		E2E388CA15F3EA600076FABB /* MobileCoreServices.framework in Frameworks */ = {isa = PBXBuildFile; fileRef = E2E388C915F3EA600076FABB /* MobileCoreServices.framework */; };
		E2E388CD15F3EA700076FABB /* SystemConfiguration.framework in Frameworks */ = {isa = PBXBuildFile; fileRef = E2E388CC15F3EA700076FABB /* SystemConfiguration.framework */; };
		E2E388CF15F3EA7C0076FABB /* libz.dylib in Frameworks */ = {isa = PBXBuildFile; fileRef = E2E388CE15F3EA7C0076FABB /* libz.dylib */; };
		E2E388D115F3EA850076FABB /* libsqlite3.dylib in Frameworks */ = {isa = PBXBuildFile; fileRef = E2E388D015F3EA850076FABB /* libsqlite3.dylib */; };
		E2E388D315F3EA8C0076FABB /* CoreTelephony.framework in Frameworks */ = {isa = PBXBuildFile; fileRef = E2E388D215F3EA8C0076FABB /* CoreTelephony.framework */; };
		E2E388D515F3EA950076FABB /* StoreKit.framework in Frameworks */ = {isa = PBXBuildFile; fileRef = E2E388D415F3EA950076FABB /* StoreKit.framework */; };
		E2E388D715F3EA9C0076FABB /* CoreLocation.framework in Frameworks */ = {isa = PBXBuildFile; fileRef = E2E388D615F3EA9C0076FABB /* CoreLocation.framework */; };
		E2E388D915F3EAA50076FABB /* MessageUI.framework in Frameworks */ = {isa = PBXBuildFile; fileRef = E2E388D815F3EAA50076FABB /* MessageUI.framework */; };
		E2E388DB15F3EAAC0076FABB /* AudioToolbox.framework in Frameworks */ = {isa = PBXBuildFile; fileRef = E2E388DA15F3EAAC0076FABB /* AudioToolbox.framework */; };
		E2E388DD15F3EAB20076FABB /* MapKit.framework in Frameworks */ = {isa = PBXBuildFile; fileRef = E2E388DC15F3EAB20076FABB /* MapKit.framework */; };
		E2E40E9015D733D1005AF448 /* UIKit.framework in Frameworks */ = {isa = PBXBuildFile; fileRef = E2E40E8F15D733D1005AF448 /* UIKit.framework */; };
		E2E40E9215D733D1005AF448 /* Foundation.framework in Frameworks */ = {isa = PBXBuildFile; fileRef = E2E40E9115D733D1005AF448 /* Foundation.framework */; };
		E2E40E9415D733D1005AF448 /* CoreGraphics.framework in Frameworks */ = {isa = PBXBuildFile; fileRef = E2E40E9315D733D1005AF448 /* CoreGraphics.framework */; };
		E2E40E9615D733D1005AF448 /* CoreData.framework in Frameworks */ = {isa = PBXBuildFile; fileRef = E2E40E9515D733D1005AF448 /* CoreData.framework */; };
		E2F31C3115E04AC80061B55E /* Security.framework in Frameworks */ = {isa = PBXBuildFile; fileRef = E2F31C3015E04AC80061B55E /* Security.framework */; };
/* End PBXBuildFile section */

/* Begin PBXFileReference section */
		8F80669BB3B0472EA5336FD8 /* libPods.a */ = {isa = PBXFileReference; explicitFileType = archive.ar; includeInIndex = 0; path = libPods.a; sourceTree = BUILT_PRODUCTS_DIR; };
		A7304360D95E42B8872FC721 /* Pods.xcconfig */ = {isa = PBXFileReference; includeInIndex = 1; lastKnownFileType = text.xcconfig; name = Pods.xcconfig; path = Pods/Pods.xcconfig; sourceTree = SOURCE_ROOT; };
		AA5DDBE816C99E2E0055CBE0 /* Icon Small.png */ = {isa = PBXFileReference; lastKnownFileType = image.png; name = "Icon Small.png"; path = "../../../Icon Small.png"; sourceTree = "<group>"; };
		AA5DDBEA16C99E320055CBE0 /* Icon Retina.png */ = {isa = PBXFileReference; lastKnownFileType = image.png; name = "Icon Retina.png"; path = "../../../Icon Retina.png"; sourceTree = "<group>"; };
		AA9EC4EC16825A460057CE7C /* DetailViewController.h */ = {isa = PBXFileReference; fileEncoding = 4; lastKnownFileType = sourcecode.c.h; path = DetailViewController.h; sourceTree = "<group>"; };
		AA9EC4ED16825A460057CE7C /* DetailViewController.m */ = {isa = PBXFileReference; fileEncoding = 4; lastKnownFileType = sourcecode.c.objc; path = DetailViewController.m; sourceTree = "<group>"; };
		AA9EC4EE16825A460057CE7C /* MasterViewController.h */ = {isa = PBXFileReference; fileEncoding = 4; lastKnownFileType = sourcecode.c.h; path = MasterViewController.h; sourceTree = "<group>"; };
		AA9EC4EF16825A460057CE7C /* MasterViewController.m */ = {isa = PBXFileReference; fileEncoding = 4; lastKnownFileType = sourcecode.c.objc; path = MasterViewController.m; sourceTree = "<group>"; };
		AA9EC4F216825A460057CE7C /* notify.xcdatamodel */ = {isa = PBXFileReference; lastKnownFileType = wrapper.xcdatamodel; path = notify.xcdatamodel; sourceTree = "<group>"; };
		AA9EC4F516825A460057CE7C /* en */ = {isa = PBXFileReference; lastKnownFileType = text.plist.strings; name = en; path = InfoPlist.strings; sourceTree = "<group>"; };
		AA9EC4F716825A460057CE7C /* en */ = {isa = PBXFileReference; lastKnownFileType = file.storyboard; name = en; path = MainStoryboard.storyboard; sourceTree = "<group>"; };
		AA9EC4F916825A460057CE7C /* MappingProvider.h */ = {isa = PBXFileReference; fileEncoding = 4; lastKnownFileType = sourcecode.c.h; path = MappingProvider.h; sourceTree = "<group>"; };
		AA9EC4FA16825A460057CE7C /* MappingProvider.m */ = {isa = PBXFileReference; fileEncoding = 4; lastKnownFileType = sourcecode.c.objc; path = MappingProvider.m; sourceTree = "<group>"; };
		AA9EC4FC16825A460057CE7C /* Notification.h */ = {isa = PBXFileReference; fileEncoding = 4; lastKnownFileType = sourcecode.c.h; path = Notification.h; sourceTree = "<group>"; };
		AA9EC4FD16825A460057CE7C /* Notification.m */ = {isa = PBXFileReference; fileEncoding = 4; lastKnownFileType = sourcecode.c.objc; path = Notification.m; sourceTree = "<group>"; };
		AA9EC4FE16825A460057CE7C /* NotificationCell.h */ = {isa = PBXFileReference; fileEncoding = 4; lastKnownFileType = sourcecode.c.h; path = NotificationCell.h; sourceTree = "<group>"; };
		AA9EC4FF16825A460057CE7C /* NotificationCell.m */ = {isa = PBXFileReference; fileEncoding = 4; lastKnownFileType = sourcecode.c.objc; path = NotificationCell.m; sourceTree = "<group>"; };
		AA9EC50016825A460057CE7C /* User.h */ = {isa = PBXFileReference; fileEncoding = 4; lastKnownFileType = sourcecode.c.h; path = User.h; sourceTree = "<group>"; };
		AA9EC50116825A460057CE7C /* User.m */ = {isa = PBXFileReference; fileEncoding = 4; lastKnownFileType = sourcecode.c.objc; path = User.m; sourceTree = "<group>"; };
		AA9EC50416825A460057CE7C /* Default-568h@2x.png */ = {isa = PBXFileReference; lastKnownFileType = image.png; path = "Default-568h@2x.png"; sourceTree = "<group>"; };
		AA9EC50616825A460057CE7C /* mail icon retina.png */ = {isa = PBXFileReference; lastKnownFileType = image.png; path = "mail icon retina.png"; sourceTree = "<group>"; };
		AA9EC50716825A460057CE7C /* mail icon.png */ = {isa = PBXFileReference; lastKnownFileType = image.png; path = "mail icon.png"; sourceTree = "<group>"; };
		AA9EC50916825A460057CE7C /* AirshipConfig.plist */ = {isa = PBXFileReference; fileEncoding = 4; lastKnownFileType = text.plist.xml; path = AirshipConfig.plist; sourceTree = "<group>"; };
		AA9EC50A16825A460057CE7C /* notify-Info.plist */ = {isa = PBXFileReference; fileEncoding = 4; lastKnownFileType = text.plist.xml; path = "notify-Info.plist"; sourceTree = "<group>"; };
		AA9EC51616825A460057CE7C /* AppDelegate.h */ = {isa = PBXFileReference; fileEncoding = 4; lastKnownFileType = sourcecode.c.h; path = AppDelegate.h; sourceTree = "<group>"; };
		AA9EC51716825A460057CE7C /* AppDelegate.m */ = {isa = PBXFileReference; fileEncoding = 4; lastKnownFileType = sourcecode.c.objc; path = AppDelegate.m; sourceTree = "<group>"; };
		AA9EC51916825A460057CE7C /* Constants.h */ = {isa = PBXFileReference; fileEncoding = 4; lastKnownFileType = sourcecode.c.h; path = Constants.h; sourceTree = "<group>"; };
		AA9EC51A16825A460057CE7C /* Constants.m */ = {isa = PBXFileReference; fileEncoding = 4; lastKnownFileType = sourcecode.c.objc; path = Constants.m; sourceTree = "<group>"; };
		AA9EC51B16825A460057CE7C /* KeychainWrapper.h */ = {isa = PBXFileReference; fileEncoding = 4; lastKnownFileType = sourcecode.c.h; path = KeychainWrapper.h; sourceTree = "<group>"; };
		AA9EC51C16825A460057CE7C /* KeychainWrapper.m */ = {isa = PBXFileReference; fileEncoding = 4; lastKnownFileType = sourcecode.c.objc; path = KeychainWrapper.m; sourceTree = "<group>"; };
		AA9EC51D16825A460057CE7C /* main.m */ = {isa = PBXFileReference; fileEncoding = 4; lastKnownFileType = sourcecode.c.objc; path = main.m; sourceTree = "<group>"; };
		AA9EC51F16825A460057CE7C /* UIViewController+DateString.h */ = {isa = PBXFileReference; fileEncoding = 4; lastKnownFileType = sourcecode.c.h; path = "UIViewController+DateString.h"; sourceTree = "<group>"; };
		AA9EC52016825A460057CE7C /* UIViewController+DateString.m */ = {isa = PBXFileReference; fileEncoding = 4; lastKnownFileType = sourcecode.c.objc; path = "UIViewController+DateString.m"; sourceTree = "<group>"; };
		E2E388C915F3EA600076FABB /* MobileCoreServices.framework */ = {isa = PBXFileReference; lastKnownFileType = wrapper.framework; name = MobileCoreServices.framework; path = System/Library/Frameworks/MobileCoreServices.framework; sourceTree = SDKROOT; };
		E2E388CC15F3EA700076FABB /* SystemConfiguration.framework */ = {isa = PBXFileReference; lastKnownFileType = wrapper.framework; name = SystemConfiguration.framework; path = System/Library/Frameworks/SystemConfiguration.framework; sourceTree = SDKROOT; };
		E2E388CE15F3EA7C0076FABB /* libz.dylib */ = {isa = PBXFileReference; lastKnownFileType = "compiled.mach-o.dylib"; name = libz.dylib; path = usr/lib/libz.dylib; sourceTree = SDKROOT; };
		E2E388D015F3EA850076FABB /* libsqlite3.dylib */ = {isa = PBXFileReference; lastKnownFileType = "compiled.mach-o.dylib"; name = libsqlite3.dylib; path = usr/lib/libsqlite3.dylib; sourceTree = SDKROOT; };
		E2E388D215F3EA8C0076FABB /* CoreTelephony.framework */ = {isa = PBXFileReference; lastKnownFileType = wrapper.framework; name = CoreTelephony.framework; path = System/Library/Frameworks/CoreTelephony.framework; sourceTree = SDKROOT; };
		E2E388D415F3EA950076FABB /* StoreKit.framework */ = {isa = PBXFileReference; lastKnownFileType = wrapper.framework; name = StoreKit.framework; path = System/Library/Frameworks/StoreKit.framework; sourceTree = SDKROOT; };
		E2E388D615F3EA9C0076FABB /* CoreLocation.framework */ = {isa = PBXFileReference; lastKnownFileType = wrapper.framework; name = CoreLocation.framework; path = System/Library/Frameworks/CoreLocation.framework; sourceTree = SDKROOT; };
		E2E388D815F3EAA50076FABB /* MessageUI.framework */ = {isa = PBXFileReference; lastKnownFileType = wrapper.framework; name = MessageUI.framework; path = System/Library/Frameworks/MessageUI.framework; sourceTree = SDKROOT; };
		E2E388DA15F3EAAC0076FABB /* AudioToolbox.framework */ = {isa = PBXFileReference; lastKnownFileType = wrapper.framework; name = AudioToolbox.framework; path = System/Library/Frameworks/AudioToolbox.framework; sourceTree = SDKROOT; };
		E2E388DC15F3EAB20076FABB /* MapKit.framework */ = {isa = PBXFileReference; lastKnownFileType = wrapper.framework; name = MapKit.framework; path = System/Library/Frameworks/MapKit.framework; sourceTree = SDKROOT; };
		E2E40E8B15D733D1005AF448 /* notify.app */ = {isa = PBXFileReference; explicitFileType = wrapper.application; includeInIndex = 0; path = notify.app; sourceTree = BUILT_PRODUCTS_DIR; };
		E2E40E8F15D733D1005AF448 /* UIKit.framework */ = {isa = PBXFileReference; includeInIndex = 1; lastKnownFileType = wrapper.framework; name = UIKit.framework; path = System/Library/Frameworks/UIKit.framework; sourceTree = SDKROOT; };
		E2E40E9115D733D1005AF448 /* Foundation.framework */ = {isa = PBXFileReference; includeInIndex = 1; lastKnownFileType = wrapper.framework; name = Foundation.framework; path = System/Library/Frameworks/Foundation.framework; sourceTree = SDKROOT; };
		E2E40E9315D733D1005AF448 /* CoreGraphics.framework */ = {isa = PBXFileReference; includeInIndex = 1; lastKnownFileType = wrapper.framework; name = CoreGraphics.framework; path = System/Library/Frameworks/CoreGraphics.framework; sourceTree = SDKROOT; };
		E2E40E9515D733D1005AF448 /* CoreData.framework */ = {isa = PBXFileReference; includeInIndex = 1; lastKnownFileType = wrapper.framework; name = CoreData.framework; path = System/Library/Frameworks/CoreData.framework; sourceTree = SDKROOT; };
		E2F31C3015E04AC80061B55E /* Security.framework */ = {isa = PBXFileReference; lastKnownFileType = wrapper.framework; name = Security.framework; path = System/Library/Frameworks/Security.framework; sourceTree = SDKROOT; };
/* End PBXFileReference section */

/* Begin PBXFrameworksBuildPhase section */
		E2E40E8815D733D1005AF448 /* Frameworks */ = {
			isa = PBXFrameworksBuildPhase;
			buildActionMask = 2147483647;
			files = (
				E2E388DD15F3EAB20076FABB /* MapKit.framework in Frameworks */,
				E2E388DB15F3EAAC0076FABB /* AudioToolbox.framework in Frameworks */,
				E2E388D915F3EAA50076FABB /* MessageUI.framework in Frameworks */,
				E2E388D715F3EA9C0076FABB /* CoreLocation.framework in Frameworks */,
				E2E388D515F3EA950076FABB /* StoreKit.framework in Frameworks */,
				E2E388D315F3EA8C0076FABB /* CoreTelephony.framework in Frameworks */,
				E2E388D115F3EA850076FABB /* libsqlite3.dylib in Frameworks */,
				E2E388CF15F3EA7C0076FABB /* libz.dylib in Frameworks */,
				E2E388CD15F3EA700076FABB /* SystemConfiguration.framework in Frameworks */,
				E2E388CA15F3EA600076FABB /* MobileCoreServices.framework in Frameworks */,
				E2F31C3115E04AC80061B55E /* Security.framework in Frameworks */,
				E2E40E9015D733D1005AF448 /* UIKit.framework in Frameworks */,
				E2E40E9215D733D1005AF448 /* Foundation.framework in Frameworks */,
				E2E40E9415D733D1005AF448 /* CoreGraphics.framework in Frameworks */,
				E2E40E9615D733D1005AF448 /* CoreData.framework in Frameworks */,
				4ACAB8FA67624A89A945BF82 /* libPods.a in Frameworks */,
			);
			runOnlyForDeploymentPostprocessing = 0;
		};
/* End PBXFrameworksBuildPhase section */

/* Begin PBXGroup section */
		AA9EC4EB16825A460057CE7C /* application */ = {
			isa = PBXGroup;
			children = (
				AA9EC4F616825A460057CE7C /* MainStoryboard.storyboard */,
				AA9EC4EC16825A460057CE7C /* DetailViewController.h */,
				AA9EC4ED16825A460057CE7C /* DetailViewController.m */,
				AA9EC4EE16825A460057CE7C /* MasterViewController.h */,
				AA9EC4EF16825A460057CE7C /* MasterViewController.m */,
			);
			path = application;
			sourceTree = "<group>";
		};
		AA9EC4F016825A460057CE7C /* dao */ = {
			isa = PBXGroup;
			children = (
				AA9EC4F116825A460057CE7C /* notify.xcdatamodeld */,
			);
			path = dao;
			sourceTree = "<group>";
		};
		AA9EC4F816825A460057CE7C /* gateway */ = {
			isa = PBXGroup;
			children = (
				AA9EC4F916825A460057CE7C /* MappingProvider.h */,
				AA9EC4FA16825A460057CE7C /* MappingProvider.m */,
			);
			path = gateway;
			sourceTree = "<group>";
		};
		AA9EC4FB16825A460057CE7C /* model */ = {
			isa = PBXGroup;
			children = (
				AA9EC4FC16825A460057CE7C /* Notification.h */,
				AA9EC4FD16825A460057CE7C /* Notification.m */,
				AA9EC4FE16825A460057CE7C /* NotificationCell.h */,
				AA9EC4FF16825A460057CE7C /* NotificationCell.m */,
				AA9EC50016825A460057CE7C /* User.h */,
				AA9EC50116825A460057CE7C /* User.m */,
			);
			path = model;
			sourceTree = "<group>";
		};
		AA9EC50216825A460057CE7C /* resources */ = {
			isa = PBXGroup;
			children = (
				AA9EC50316825A460057CE7C /* images */,
				AA9EC50816825A460057CE7C /* other */,
				AA9EC50B16825A460057CE7C /* sounds */,
			);
			path = resources;
			sourceTree = "<group>";
		};
		AA9EC50316825A460057CE7C /* images */ = {
			isa = PBXGroup;
			children = (
				AA5DDBEA16C99E320055CBE0 /* Icon Retina.png */,
				AA5DDBE816C99E2E0055CBE0 /* Icon Small.png */,
				AA9EC50416825A460057CE7C /* Default-568h@2x.png */,
				AA9EC50616825A460057CE7C /* mail icon retina.png */,
				AA9EC50716825A460057CE7C /* mail icon.png */,
			);
			path = images;
			sourceTree = "<group>";
		};
		AA9EC50816825A460057CE7C /* other */ = {
			isa = PBXGroup;
			children = (
				AA9EC4F416825A460057CE7C /* InfoPlist.strings */,
				AA9EC50916825A460057CE7C /* AirshipConfig.plist */,
				AA9EC50A16825A460057CE7C /* notify-Info.plist */,
			);
			path = other;
			sourceTree = "<group>";
		};
		AA9EC50B16825A460057CE7C /* sounds */ = {
			isa = PBXGroup;
			children = (
			);
			path = sounds;
			sourceTree = "<group>";
		};
		AA9EC51516825A460057CE7C /* service */ = {
			isa = PBXGroup;
			children = (
				AA9EC51616825A460057CE7C /* AppDelegate.h */,
				AA9EC51716825A460057CE7C /* AppDelegate.m */,
			);
			path = service;
			sourceTree = "<group>";
		};
		AA9EC51816825A460057CE7C /* util */ = {
			isa = PBXGroup;
			children = (
				AA9EC51916825A460057CE7C /* Constants.h */,
				AA9EC51A16825A460057CE7C /* Constants.m */,
				AA9EC51B16825A460057CE7C /* KeychainWrapper.h */,
				AA9EC51C16825A460057CE7C /* KeychainWrapper.m */,
				AA9EC51D16825A460057CE7C /* main.m */,
				AA9EC51F16825A460057CE7C /* UIViewController+DateString.h */,
				AA9EC52016825A460057CE7C /* UIViewController+DateString.m */,
			);
			path = util;
			sourceTree = "<group>";
		};
		E2E40E8015D733D1005AF448 = {
			isa = PBXGroup;
			children = (
				E2E40E9715D733D1005AF448 /* notify */,
				E2E40E8E15D733D1005AF448 /* Frameworks */,
				E2E40E8C15D733D1005AF448 /* Products */,
				A7304360D95E42B8872FC721 /* Pods.xcconfig */,
			);
			sourceTree = "<group>";
		};
		E2E40E8C15D733D1005AF448 /* Products */ = {
			isa = PBXGroup;
			children = (
				E2E40E8B15D733D1005AF448 /* notify.app */,
			);
			name = Products;
			sourceTree = "<group>";
		};
		E2E40E8E15D733D1005AF448 /* Frameworks */ = {
			isa = PBXGroup;
			children = (
				E2E388DC15F3EAB20076FABB /* MapKit.framework */,
				E2E388DA15F3EAAC0076FABB /* AudioToolbox.framework */,
				E2E388D815F3EAA50076FABB /* MessageUI.framework */,
				E2E388D615F3EA9C0076FABB /* CoreLocation.framework */,
				E2E388D415F3EA950076FABB /* StoreKit.framework */,
				E2E388D215F3EA8C0076FABB /* CoreTelephony.framework */,
				E2E388D015F3EA850076FABB /* libsqlite3.dylib */,
				E2E388CE15F3EA7C0076FABB /* libz.dylib */,
				E2E388CC15F3EA700076FABB /* SystemConfiguration.framework */,
				E2E388C915F3EA600076FABB /* MobileCoreServices.framework */,
				E2F31C3015E04AC80061B55E /* Security.framework */,
				E2E40E8F15D733D1005AF448 /* UIKit.framework */,
				E2E40E9115D733D1005AF448 /* Foundation.framework */,
				E2E40E9315D733D1005AF448 /* CoreGraphics.framework */,
				E2E40E9515D733D1005AF448 /* CoreData.framework */,
				8F80669BB3B0472EA5336FD8 /* libPods.a */,
			);
			name = Frameworks;
			sourceTree = "<group>";
		};
		E2E40E9715D733D1005AF448 /* notify */ = {
			isa = PBXGroup;
			children = (
				AA9EC4EB16825A460057CE7C /* application */,
				AA9EC4F016825A460057CE7C /* dao */,
				AA9EC4F816825A460057CE7C /* gateway */,
				AA9EC4FB16825A460057CE7C /* model */,
				AA9EC50216825A460057CE7C /* resources */,
				AA9EC51516825A460057CE7C /* service */,
				AA9EC51816825A460057CE7C /* util */,
			);
			path = notify;
			sourceTree = "<group>";
		};
/* End PBXGroup section */

/* Begin PBXNativeTarget section */
		E2E40E8A15D733D1005AF448 /* notify */ = {
			isa = PBXNativeTarget;
			buildConfigurationList = E2E40EB115D733D1005AF448 /* Build configuration list for PBXNativeTarget "notify" */;
			buildPhases = (
				E2E40E8715D733D1005AF448 /* Sources */,
				E2E40E8815D733D1005AF448 /* Frameworks */,
				E2E40E8915D733D1005AF448 /* Resources */,
				29632C5D50E64183A9CBED9A /* Copy Pods Resources */,
			);
			buildRules = (
			);
			dependencies = (
			);
			name = notify;
			productName = notify;
			productReference = E2E40E8B15D733D1005AF448 /* notify.app */;
			productType = "com.apple.product-type.application";
		};
/* End PBXNativeTarget section */

/* Begin PBXProject section */
		E2E40E8215D733D1005AF448 /* Project object */ = {
			isa = PBXProject;
			attributes = {
				LastUpgradeCheck = 0460;
				ORGANIZATIONNAME = "Thomas Gamble";
			};
			buildConfigurationList = E2E40E8515D733D1005AF448 /* Build configuration list for PBXProject "notify" */;
			compatibilityVersion = "Xcode 3.2";
			developmentRegion = English;
			hasScannedForEncodings = 0;
			knownRegions = (
				en,
			);
			mainGroup = E2E40E8015D733D1005AF448;
			productRefGroup = E2E40E8C15D733D1005AF448 /* Products */;
			projectDirPath = "";
			projectRoot = "";
			targets = (
				E2E40E8A15D733D1005AF448 /* notify */,
			);
		};
/* End PBXProject section */

/* Begin PBXResourcesBuildPhase section */
		E2E40E8915D733D1005AF448 /* Resources */ = {
			isa = PBXResourcesBuildPhase;
			buildActionMask = 2147483647;
			files = (
				AA9EC52416825A460057CE7C /* InfoPlist.strings in Resources */,
				AA9EC52516825A460057CE7C /* MainStoryboard.storyboard in Resources */,
				AA9EC52A16825A460057CE7C /* Default-568h@2x.png in Resources */,
				AA9EC52E16825A460057CE7C /* AirshipConfig.plist in Resources */,
				AA5DDBEC16C99E8A0055CBE0 /* Icon Small.png in Resources */,
				AA5DDBED16C99E8F0055CBE0 /* Icon Retina.png in Resources */,
			);
			runOnlyForDeploymentPostprocessing = 0;
		};
/* End PBXResourcesBuildPhase section */

/* Begin PBXShellScriptBuildPhase section */
		29632C5D50E64183A9CBED9A /* Copy Pods Resources */ = {
			isa = PBXShellScriptBuildPhase;
			buildActionMask = 2147483647;
			files = (
			);
			inputPaths = (
			);
			name = "Copy Pods Resources";
			outputPaths = (
			);
			runOnlyForDeploymentPostprocessing = 0;
			shellPath = /bin/sh;
			shellScript = "\"${SRCROOT}/Pods/Pods-resources.sh\"\n";
		};
/* End PBXShellScriptBuildPhase section */

/* Begin PBXSourcesBuildPhase section */
		E2E40E8715D733D1005AF448 /* Sources */ = {
			isa = PBXSourcesBuildPhase;
			buildActionMask = 2147483647;
			files = (
				AA9EC52116825A460057CE7C /* DetailViewController.m in Sources */,
				AA9EC52216825A460057CE7C /* MasterViewController.m in Sources */,
				AA9EC52316825A460057CE7C /* notify.xcdatamodeld in Sources */,
				AA9EC52616825A460057CE7C /* MappingProvider.m in Sources */,
				AA9EC52716825A460057CE7C /* Notification.m in Sources */,
				AA9EC52816825A460057CE7C /* NotificationCell.m in Sources */,
				AA9EC52916825A460057CE7C /* User.m in Sources */,
				AA9EC53616825A460057CE7C /* AppDelegate.m in Sources */,
				AA9EC53716825A460057CE7C /* Constants.m in Sources */,
				AA9EC53816825A460057CE7C /* KeychainWrapper.m in Sources */,
				AA9EC53916825A460057CE7C /* main.m in Sources */,
				AA9EC53A16825A460057CE7C /* UIViewController+DateString.m in Sources */,
			);
			runOnlyForDeploymentPostprocessing = 0;
		};
/* End PBXSourcesBuildPhase section */

/* Begin PBXVariantGroup section */
		AA9EC4F416825A460057CE7C /* InfoPlist.strings */ = {
			isa = PBXVariantGroup;
			children = (
				AA9EC4F516825A460057CE7C /* en */,
			);
			name = InfoPlist.strings;
			path = ../../en.lproj;
			sourceTree = "<group>";
		};
		AA9EC4F616825A460057CE7C /* MainStoryboard.storyboard */ = {
			isa = PBXVariantGroup;
			children = (
				AA9EC4F716825A460057CE7C /* en */,
			);
			name = MainStoryboard.storyboard;
			path = ../en.lproj;
			sourceTree = "<group>";
		};
/* End PBXVariantGroup section */

/* Begin XCBuildConfiguration section */
		E2E40EAF15D733D1005AF448 /* Debug */ = {
			isa = XCBuildConfiguration;
			buildSettings = {
				ALWAYS_SEARCH_USER_PATHS = NO;
				ARCHS = "$(ARCHS_STANDARD_32_BIT)";
				CLANG_CXX_LANGUAGE_STANDARD = "gnu++0x";
				CLANG_ENABLE_OBJC_ARC = YES;
				CLANG_WARN_CONSTANT_CONVERSION = YES;
				CLANG_WARN_ENUM_CONVERSION = YES;
				CLANG_WARN_INT_CONVERSION = YES;
				CLANG_WARN__DUPLICATE_METHOD_MATCH = YES;
				"CODE_SIGN_IDENTITY[sdk=iphoneos*]" = "iPhone Developer";
				COPY_PHASE_STRIP = NO;
				GCC_C_LANGUAGE_STANDARD = gnu99;
				GCC_DYNAMIC_NO_PIC = NO;
				GCC_OPTIMIZATION_LEVEL = 0;
				GCC_PREPROCESSOR_DEFINITIONS = (
					"DEBUG=1",
					"$(inherited)",
				);
				GCC_SYMBOLS_PRIVATE_EXTERN = NO;
				GCC_VERSION = com.apple.compilers.llvm.clang.1_0;
				GCC_WARN_ABOUT_RETURN_TYPE = YES;
				GCC_WARN_UNINITIALIZED_AUTOS = YES;
				GCC_WARN_UNUSED_VARIABLE = YES;
				IPHONEOS_DEPLOYMENT_TARGET = 5.1;
				SDKROOT = iphoneos;
			};
			name = Debug;
		};
		E2E40EB015D733D1005AF448 /* Release */ = {
			isa = XCBuildConfiguration;
			buildSettings = {
				ALWAYS_SEARCH_USER_PATHS = NO;
				ARCHS = "$(ARCHS_STANDARD_32_BIT)";
				CLANG_CXX_LANGUAGE_STANDARD = "gnu++0x";
				CLANG_ENABLE_OBJC_ARC = YES;
				CLANG_WARN_CONSTANT_CONVERSION = YES;
				CLANG_WARN_ENUM_CONVERSION = YES;
				CLANG_WARN_INT_CONVERSION = YES;
				CLANG_WARN__DUPLICATE_METHOD_MATCH = YES;
				"CODE_SIGN_IDENTITY[sdk=iphoneos*]" = "iPhone Developer";
				COPY_PHASE_STRIP = YES;
				GCC_C_LANGUAGE_STANDARD = gnu99;
				GCC_VERSION = com.apple.compilers.llvm.clang.1_0;
				GCC_WARN_ABOUT_RETURN_TYPE = YES;
				GCC_WARN_UNINITIALIZED_AUTOS = YES;
				GCC_WARN_UNUSED_VARIABLE = YES;
				IPHONEOS_DEPLOYMENT_TARGET = 5.1;
				OTHER_CFLAGS = "-DNS_BLOCK_ASSERTIONS=1";
				SDKROOT = iphoneos;
				VALIDATE_PRODUCT = YES;
			};
			name = Release;
		};
		E2E40EB215D733D1005AF448 /* Debug */ = {
			isa = XCBuildConfiguration;
			baseConfigurationReference = A7304360D95E42B8872FC721 /* Pods.xcconfig */;
			buildSettings = {
				GCC_PRECOMPILE_PREFIX_HEADER = YES;
				GCC_PREFIX_HEADER = "notify/resources/other/notify-Prefix.pch";
				INFOPLIST_FILE = "$(SRCROOT)/notify/resources/other/notify-Info.plist";
				IPHONEOS_DEPLOYMENT_TARGET = 6.1;
				PRODUCT_NAME = "$(TARGET_NAME)";
				WRAPPER_EXTENSION = app;
			};
			name = Debug;
		};
		E2E40EB315D733D1005AF448 /* Release */ = {
			isa = XCBuildConfiguration;
			baseConfigurationReference = A7304360D95E42B8872FC721 /* Pods.xcconfig */;
			buildSettings = {
				GCC_PRECOMPILE_PREFIX_HEADER = YES;
				GCC_PREFIX_HEADER = "notify/resources/other/notify-Prefix.pch";
				INFOPLIST_FILE = "$(SRCROOT)/notify/resources/other/notify-Info.plist";
				IPHONEOS_DEPLOYMENT_TARGET = 6.1;
				PRODUCT_NAME = "$(TARGET_NAME)";
				WRAPPER_EXTENSION = app;
			};
			name = Release;
		};
/* End XCBuildConfiguration section */

/* Begin XCConfigurationList section */
		E2E40E8515D733D1005AF448 /* Build configuration list for PBXProject "notify" */ = {
			isa = XCConfigurationList;
			buildConfigurations = (
				E2E40EAF15D733D1005AF448 /* Debug */,
				E2E40EB015D733D1005AF448 /* Release */,
			);
			defaultConfigurationIsVisible = 0;
			defaultConfigurationName = Release;
		};
		E2E40EB115D733D1005AF448 /* Build configuration list for PBXNativeTarget "notify" */ = {
			isa = XCConfigurationList;
			buildConfigurations = (
				E2E40EB215D733D1005AF448 /* Debug */,
				E2E40EB315D733D1005AF448 /* Release */,
			);
			defaultConfigurationIsVisible = 0;
			defaultConfigurationName = Release;
		};
/* End XCConfigurationList section */

/* Begin XCVersionGroup section */
		AA9EC4F116825A460057CE7C /* notify.xcdatamodeld */ = {
			isa = XCVersionGroup;
			children = (
				AA9EC4F216825A460057CE7C /* notify.xcdatamodel */,
			);
			currentVersion = AA9EC4F216825A460057CE7C /* notify.xcdatamodel */;
			path = notify.xcdatamodeld;
			sourceTree = "<group>";
			versionGroupType = wrapper.xcdatamodel;
		};
/* End XCVersionGroup section */
	};
	rootObject = E2E40E8215D733D1005AF448 /* Project object */;
}
